
Microsoft Visual Studio Solution File, Format Version 12.00
# Visual Studio Version 16
VisualStudioVersion = 16.0.33529.622
MinimumVisualStudioVersion = 10.0.40219.1
Project("{FAE04EC0-301F-11D3-BF4B-00C04F79EFBC}") = "IzbiratelnyyUchastokParsing", "IzbiratelnyyUchastokParsing\IzbiratelnyyUchastokParsing.csproj", "{CAEF4941-1155-4ADE-A2B5-8FBA1492319D}"
EndProject
Global
	GlobalSection(SolutionConfigurationPlatforms) = preSolution
		Debug|Any CPU = Debug|Any CPU
		Release|Any CPU = Release|Any CPU
	EndGlobalSection
	GlobalSection(ProjectConfigurationPlatforms) = postSolution
		{CAEF4941-1155-4ADE-A2B5-8FBA1492319D}.Debug|Any CPU.ActiveCfg = Debug|Any CPU
		{CAEF4941-1155-4ADE-A2B5-8FBA1492319D}.Debug|Any CPU.Build.0 = Debug|Any CPU
		{CAEF4941-1155-4ADE-A2B5-8FBA1492319D}.Release|Any CPU.ActiveCfg = Release|Any CPU
		{CAEF4941-1155-4ADE-A2B5-8FBA1492319D}.Release|Any CPU.Build.0 = Release|Any CPU
	EndGlobalSection
	GlobalSection(SolutionProperties) = preSolution
		HideSolutionNode = FALSE
	EndGlobalSection
	GlobalSection(ExtensibilityGlobals) = postSolution
		SolutionGuid = {F0618D65-EEC6-4803-BE0B-3F8E37F2DD98}
	EndGlobalSection
EndGlobal
